{
  "name": "rough-paint",
  "version": "0.1.0",
  "lockfileVersion": 1,
  "requires": true,
  "dependencies": {
    "roughjs": {
      "version": "2.2.3",
      "resolved": "https://registry.npmjs.org/roughjs/-/roughjs-2.2.3.tgz",
      "integrity": "sha512-ZnlptJSz5Ii+Tcx3T60rZ9x4jZUK52iURLziYZiE3hjpaDJ5pzmYEnZiRpzRue6AUUK5uiMoJ9z+/pIO3eSKrA=="
    }
  }
}
